// !$*UTF8*$!
{
	archiveVersion = 1;
	classes = {
	};
	objectVersion = 46;
	objects = {

/* Begin PBXBuildFile section */
		EDE268AD1F43B44500D92A60 /* AppDelegate.swift in Sources */ = {isa = PBXBuildFile; fileRef = EDE268AC1F43B44500D92A60 /* AppDelegate.swift */; };
		EDE268AF1F43B44500D92A60 /* ViewController.swift in Sources */ = {isa = PBXBuildFile; fileRef = EDE268AE1F43B44500D92A60 /* ViewController.swift */; };
		EDE268B21F43B44500D92A60 /* Main.storyboard in Resources */ = {isa = PBXBuildFile; fileRef = EDE268B01F43B44500D92A60 /* Main.storyboard */; };
		EDE268B41F43B44500D92A60 /* Assets.xcassets in Resources */ = {isa = PBXBuildFile; fileRef = EDE268B31F43B44500D92A60 /* Assets.xcassets */; };
		EDE268B71F43B44500D92A60 /* LaunchScreen.storyboard in Resources */ = {isa = PBXBuildFile; fileRef = EDE268B51F43B44500D92A60 /* LaunchScreen.storyboard */; };
		EDE268C21F43B44500D92A60 /* PageCRtlTests.swift in Sources */ = {isa = PBXBuildFile; fileRef = EDE268C11F43B44500D92A60 /* PageCRtlTests.swift */; };
		EDE268CD1F43B44500D92A60 /* PageCRtlUITests.swift in Sources */ = {isa = PBXBuildFile; fileRef = EDE268CC1F43B44500D92A60 /* PageCRtlUITests.swift */; };
		EDE268DB1F43B54400D92A60 /* ViewController1.swift in Sources */ = {isa = PBXBuildFile; fileRef = EDE268DA1F43B54400D92A60 /* ViewController1.swift */; };
/* End PBXBuildFile section */

/* Begin PBXContainerItemProxy section */
		EDE268BE1F43B44500D92A60 /* PBXContainerItemProxy */ = {
			isa = PBXContainerItemProxy;
			containerPortal = EDE268A11F43B44500D92A60 /* Project object */;
			proxyType = 1;
			remoteGlobalIDString = EDE268A81F43B44500D92A60;
			remoteInfo = PageCRtl;
		};
		EDE268C91F43B44500D92A60 /* PBXContainerItemProxy */ = {
			isa = PBXContainerItemProxy;
			containerPortal = EDE268A11F43B44500D92A60 /* Project object */;
			proxyType = 1;
			remoteGlobalIDString = EDE268A81F43B44500D92A60;
			remoteInfo = PageCRtl;
		};
/* End PBXContainerItemProxy section */

/* Begin PBXFileReference section */
		EDE268A91F43B44500D92A60 /* PageCRtl.app */ = {isa = PBXFileReference; explicitFileType = wrapper.application; includeInIndex = 0; path = PageCRtl.app; sourceTree = BUILT_PRODUCTS_DIR; };
		EDE268AC1F43B44500D92A60 /* AppDelegate.swift */ = {isa = PBXFileReference; lastKnownFileType = sourcecode.swift; path = AppDelegate.swift; sourceTree = "<group>"; };
		EDE268AE1F43B44500D92A60 /* ViewController.swift */ = {isa = PBXFileReference; lastKnownFileType = sourcecode.swift; path = ViewController.swift; sourceTree = "<group>"; };
		EDE268B11F43B44500D92A60 /* Base */ = {isa = PBXFileReference; lastKnownFileType = file.storyboard; name = Base; path = Base.lproj/Main.storyboard; sourceTree = "<group>"; };
		EDE268B31F43B44500D92A60 /* Assets.xcassets */ = {isa = PBXFileReference; lastKnownFileType = folder.assetcatalog; path = Assets.xcassets; sourceTree = "<group>"; };
		EDE268B61F43B44500D92A60 /* Base */ = {isa = PBXFileReference; lastKnownFileType = file.storyboard; name = Base; path = Base.lproj/LaunchScreen.storyboard; sourceTree = "<group>"; };
		EDE268B81F43B44500D92A60 /* Info.plist */ = {isa = PBXFileReference; lastKnownFileType = text.plist.xml; path = Info.plist; sourceTree = "<group>"; };
		EDE268BD1F43B44500D92A60 /* PageCRtlTests.xctest */ = {isa = PBXFileReference; explicitFileType = wrapper.cfbundle; includeInIndex = 0; path = PageCRtlTests.xctest; sourceTree = BUILT_PRODUCTS_DIR; };
		EDE268C11F43B44500D92A60 /* PageCRtlTests.swift */ = {isa = PBXFileReference; lastKnownFileType = sourcecode.swift; path = PageCRtlTests.swift; sourceTree = "<group>"; };
		EDE268C31F43B44500D92A60 /* Info.plist */ = {isa = PBXFileReference; lastKnownFileType = text.plist.xml; path = Info.plist; sourceTree = "<group>"; };
		EDE268C81F43B44500D92A60 /* PageCRtlUITests.xctest */ = {isa = PBXFileReference; explicitFileType = wrapper.cfbundle; includeInIndex = 0; path = PageCRtlUITests.xctest; sourceTree = BUILT_PRODUCTS_DIR; };
		EDE268CC1F43B44500D92A60 /* PageCRtlUITests.swift */ = {isa = PBXFileReference; lastKnownFileType = sourcecode.swift; path = PageCRtlUITests.swift; sourceTree = "<group>"; };
		EDE268CE1F43B44500D92A60 /* Info.plist */ = {isa = PBXFileReference; lastKnownFileType = text.plist.xml; path = Info.plist; sourceTree = "<group>"; };
		EDE268DA1F43B54400D92A60 /* ViewController1.swift */ = {isa = PBXFileReference; fileEncoding = 4; lastKnownFileType = sourcecode.swift; name = ViewController1.swift; path = ../ViewController1.swift; sourceTree = "<group>"; };
/* End PBXFileReference section */

/* Begin PBXFrameworksBuildPhase section */
		EDE268A61F43B44500D92A60 /* Frameworks */ = {
			isa = PBXFrameworksBuildPhase;
			buildActionMask = 2147483647;
			files = (
			);
			runOnlyForDeploymentPostprocessing = 0;
		};
		EDE268BA1F43B44500D92A60 /* Frameworks */ = {
			isa = PBXFrameworksBuildPhase;
			buildActionMask = 2147483647;
			files = (
			);
			runOnlyForDeploymentPostprocessing = 0;
		};
		EDE268C51F43B44500D92A60 /* Frameworks */ = {
			isa = PBXFrameworksBuildPhase;
			buildActionMask = 2147483647;
			files = (
			);
			runOnlyForDeploymentPostprocessing = 0;
		};
/* End PBXFrameworksBuildPhase section */

/* Begin PBXGroup section */
		EDE268A01F43B44500D92A60 = {
			isa = PBXGroup;
			children = (
				EDE268AB1F43B44500D92A60 /* PageCRtl */,
				EDE268C01F43B44500D92A60 /* PageCRtlTests */,
				EDE268CB1F43B44500D92A60 /* PageCRtlUITests */,
				EDE268AA1F43B44500D92A60 /* Products */,
			);
			sourceTree = "<group>";
		};
		EDE268AA1F43B44500D92A60 /* Products */ = {
			isa = PBXGroup;
			children = (
				EDE268A91F43B44500D92A60 /* PageCRtl.app */,
				EDE268BD1F43B44500D92A60 /* PageCRtlTests.xctest */,
				EDE268C81F43B44500D92A60 /* PageCRtlUITests.xctest */,
			);
			name = Products;
			sourceTree = "<group>";
		};
		EDE268AB1F43B44500D92A60 /* PageCRtl */ = {
			isa = PBXGroup;
			children = (
				EDE268AC1F43B44500D92A60 /* AppDelegate.swift */,
				EDE268AE1F43B44500D92A60 /* ViewController.swift */,
				EDE268DA1F43B54400D92A60 /* ViewController1.swift */,
				EDE268B01F43B44500D92A60 /* Main.storyboard */,
				EDE268B31F43B44500D92A60 /* Assets.xcassets */,
				EDE268B51F43B44500D92A60 /* LaunchScreen.storyboard */,
				EDE268B81F43B44500D92A60 /* Info.plist */,
			);
			path = PageCRtl;
			sourceTree = "<group>";
		};
		EDE268C01F43B44500D92A60 /* PageCRtlTests */ = {
			isa = PBXGroup;
			children = (
				EDE268C11F43B44500D92A60 /* PageCRtlTests.swift */,
				EDE268C31F43B44500D92A60 /* Info.plist */,
			);
			path = PageCRtlTests;
			sourceTree = "<group>";
		};
		EDE268CB1F43B44500D92A60 /* PageCRtlUITests */ = {
			isa = PBXGroup;
			children = (
				EDE268CC1F43B44500D92A60 /* PageCRtlUITests.swift */,
				EDE268CE1F43B44500D92A60 /* Info.plist */,
			);
			path = PageCRtlUITests;
			sourceTree = "<group>";
		};
/* End PBXGroup section */

/* Begin PBXNativeTarget section */
		EDE268A81F43B44500D92A60 /* PageCRtl */ = {
			isa = PBXNativeTarget;
			buildConfigurationList = EDE268D11F43B44500D92A60 /* Build configuration list for PBXNativeTarget "PageCRtl" */;
			buildPhases = (
				EDE268A51F43B44500D92A60 /* Sources */,
				EDE268A61F43B44500D92A60 /* Frameworks */,
				EDE268A71F43B44500D92A60 /* Resources */,
			);
			buildRules = (
			);
			dependencies = (
			);
			name = PageCRtl;
			productName = PageCRtl;
			productReference = EDE268A91F43B44500D92A60 /* PageCRtl.app */;
			productType = "com.apple.product-type.application";
		};
		EDE268BC1F43B44500D92A60 /* PageCRtlTests */ = {
			isa = PBXNativeTarget;
			buildConfigurationList = EDE268D41F43B44500D92A60 /* Build configuration list for PBXNativeTarget "PageCRtlTests" */;
			buildPhases = (
				EDE268B91F43B44500D92A60 /* Sources */,
				EDE268BA1F43B44500D92A60 /* Frameworks */,
				EDE268BB1F43B44500D92A60 /* Resources */,
			);
			buildRules = (
			);
			dependencies = (
				EDE268BF1F43B44500D92A60 /* PBXTargetDependency */,
			);
			name = PageCRtlTests;
			productName = PageCRtlTests;
			productReference = EDE268BD1F43B44500D92A60 /* PageCRtlTests.xctest */;
			productType = "com.apple.product-type.bundle.unit-test";
		};
		EDE268C71F43B44500D92A60 /* PageCRtlUITests */ = {
			isa = PBXNativeTarget;
			buildConfigurationList = EDE268D71F43B44500D92A60 /* Build configuration list for PBXNativeTarget "PageCRtlUITests" */;
			buildPhases = (
				EDE268C41F43B44500D92A60 /* Sources */,
				EDE268C51F43B44500D92A60 /* Frameworks */,
				EDE268C61F43B44500D92A60 /* Resources */,
			);
			buildRules = (
			);
			dependencies = (
				EDE268CA1F43B44500D92A60 /* PBXTargetDependency */,
			);
			name = PageCRtlUITests;
			productName = PageCRtlUITests;
			productReference = EDE268C81F43B44500D92A60 /* PageCRtlUITests.xctest */;
			productType = "com.apple.product-type.bundle.ui-testing";
		};
/* End PBXNativeTarget section */

/* Begin PBXProject section */
		EDE268A11F43B44500D92A60 /* Project object */ = {
			isa = PBXProject;
			attributes = {
				LastSwiftUpdateCheck = 0830;
				LastUpgradeCheck = 0830;
				ORGANIZATIONNAME = "Fernando Lopez Llanos";
				TargetAttributes = {
					EDE268A81F43B44500D92A60 = {
						CreatedOnToolsVersion = 8.3.3;
						DevelopmentTeam = 26MVNUVSGZ;
						ProvisioningStyle = Automatic;
					};
					EDE268BC1F43B44500D92A60 = {
						CreatedOnToolsVersion = 8.3.3;
						DevelopmentTeam = 26MVNUVSGZ;
						ProvisioningStyle = Automatic;
						TestTargetID = EDE268A81F43B44500D92A60;
					};
					EDE268C71F43B44500D92A60 = {
						CreatedOnToolsVersion = 8.3.3;
						DevelopmentTeam = 26MVNUVSGZ;
						ProvisioningStyle = Automatic;
						TestTargetID = EDE268A81F43B44500D92A60;
					};
				};
			};
			buildConfigurationList = EDE268A41F43B44500D92A60 /* Build configuration list for PBXProject "PageCRtl" */;
			compatibilityVersion = "Xcode 3.2";
			developmentRegion = English;
			hasScannedForEncodings = 0;
			knownRegions = (
				en,
				Base,
			);
			mainGroup = EDE268A01F43B44500D92A60;
			productRefGroup = EDE268AA1F43B44500D92A60 /* Products */;
			projectDirPath = "";
			projectRoot = "";
			targets = (
				EDE268A81F43B44500D92A60 /* PageCRtl */,
				EDE268BC1F43B44500D92A60 /* PageCRtlTests */,
				EDE268C71F43B44500D92A60 /* PageCRtlUITests */,
			);
		};
/* End PBXProject section */

/* Begin PBXResourcesBuildPhase section */
		EDE268A71F43B44500D92A60 /* Resources */ = {
			isa = PBXResourcesBuildPhase;
			buildActionMask = 2147483647;
			files = (
				EDE268B71F43B44500D92A60 /* LaunchScreen.storyboard in Resources */,
				EDE268B41F43B44500D92A60 /* Assets.xcassets in Resources */,
				EDE268B21F43B44500D92A60 /* Main.storyboard in Resources */,
			);
			runOnlyForDeploymentPostprocessing = 0;
		};
		EDE268BB1F43B44500D92A60 /* Resources */ = {
			isa = PBXResourcesBuildPhase;
			buildActionMask = 2147483647;
			files = (
			);
			runOnlyForDeploymentPostprocessing = 0;
		};
		EDE268C61F43B44500D92A60 /* Resources */ = {
			isa = PBXResourcesBuildPhase;
			buildActionMask = 2147483647;
			files = (
			);
			runOnlyForDeploymentPostprocessing = 0;
		};
/* End PBXResourcesBuildPhase section */

/* Begin PBXSourcesBuildPhase section */
		EDE268A51F43B44500D92A60 /* Sources */ = {
			isa = PBXSourcesBuildPhase;
			buildActionMask = 2147483647;
			files = (
				EDE268DB1F43B54400D92A60 /* ViewController1.swift in Sources */,
				EDE268AF1F43B44500D92A60 /* ViewController.swift in Sources */,
				EDE268AD1F43B44500D92A60 /* AppDelegate.swift in Sources */,
			);
			runOnlyForDeploymentPostprocessing = 0;
		};
		EDE268B91F43B44500D92A60 /* Sources */ = {
			isa = PBXSourcesBuildPhase;
			buildActionMask = 2147483647;
			files = (
				EDE268C21F43B44500D92A60 /* PageCRtlTests.swift in Sources */,
			);
			runOnlyForDeploymentPostprocessing = 0;
		};
		EDE268C41F43B44500D92A60 /* Sources */ = {
			isa = PBXSourcesBuildPhase;
			buildActionMask = 2147483647;
			files = (
				EDE268CD1F43B44500D92A60 /* PageCRtlUITests.swift in Sources */,
			);
			runOnlyForDeploymentPostprocessing = 0;
		};
/* End PBXSourcesBuildPhase section */

/* Begin PBXTargetDependency section */
		EDE268BF1F43B44500D92A60 /* PBXTargetDependency */ = {
			isa = PBXTargetDependency;
			target = EDE268A81F43B44500D92A60 /* PageCRtl */;
			targetProxy = EDE268BE1F43B44500D92A60 /* PBXContainerItemProxy */;
		};
		EDE268CA1F43B44500D92A60 /* PBXTargetDependency */ = {
			isa = PBXTargetDependency;
			target = EDE268A81F43B44500D92A60 /* PageCRtl */;
			targetProxy = EDE268C91F43B44500D92A60 /* PBXContainerItemProxy */;
		};
/* End PBXTargetDependency section */

/* Begin PBXVariantGroup section */
		EDE268B01F43B44500D92A60 /* Main.storyboard */ = {
			isa = PBXVariantGroup;
			children = (
				EDE268B11F43B44500D92A60 /* Base */,
			);
			name = Main.storyboard;
			sourceTree = "<group>";
		};
		EDE268B51F43B44500D92A60 /* LaunchScreen.storyboard */ = {
			isa = PBXVariantGroup;
			children = (
				EDE268B61F43B44500D92A60 /* Base */,
			);
			name = LaunchScreen.storyboard;
			sourceTree = "<group>";
		};
/* End PBXVariantGroup section */

/* Begin XCBuildConfiguration section */
		EDE268CF1F43B44500D92A60 /* Debug */ = {
			isa = XCBuildConfiguration;
			buildSettings = {
				ALWAYS_SEARCH_USER_PATHS = NO;
				CLANG_ANALYZER_NONNULL = YES;
				CLANG_ANALYZER_NUMBER_OBJECT_CONVERSION = YES_AGGRESSIVE;
				CLANG_CXX_LANGUAGE_STANDARD = "gnu++0x";
				CLANG_CXX_LIBRARY = "libc++";
				CLANG_ENABLE_MODULES = YES;
				CLANG_ENABLE_OBJC_ARC = YES;
				CLANG_WARN_BOOL_CONVERSION = YES;
				CLANG_WARN_CONSTANT_CONVERSION = YES;
				CLANG_WARN_DIRECT_OBJC_ISA_USAGE = YES_ERROR;
				CLANG_WARN_DOCUMENTATION_COMMENTS = YES;
				CLANG_WARN_EMPTY_BODY = YES;
				CLANG_WARN_ENUM_CONVERSION = YES;
				CLANG_WARN_INFINITE_RECURSION = YES;
				CLANG_WARN_INT_CONVERSION = YES;
				CLANG_WARN_OBJC_ROOT_CLASS = YES_ERROR;
				CLANG_WARN_SUSPICIOUS_MOVE = YES;
				CLANG_WARN_UNREACHABLE_CODE = YES;
				CLANG_WARN__DUPLICATE_METHOD_MATCH = YES;
				"CODE_SIGN_IDENTITY[sdk=iphoneos*]" = "iPhone Developer";
				COPY_PHASE_STRIP = NO;
				DEBUG_INFORMATION_FORMAT = dwarf;
				ENABLE_STRICT_OBJC_MSGSEND = YES;
				ENABLE_TESTABILITY = YES;
				GCC_C_LANGUAGE_STANDARD = gnu99;
				GCC_DYNAMIC_NO_PIC = NO;
				GCC_NO_COMMON_BLOCKS = YES;
				GCC_OPTIMIZATION_LEVEL = 0;
				GCC_PREPROCESSOR_DEFINITIONS = (
					"DEBUG=1",
					"$(inherited)",
				);
				GCC_WARN_64_TO_32_BIT_CONVERSION = YES;
				GCC_WARN_ABOUT_RETURN_TYPE = YES_ERROR;
				GCC_WARN_UNDECLARED_SELECTOR = YES;
				GCC_WARN_UNINITIALIZED_AUTOS = YES_AGGRESSIVE;
				GCC_WARN_UNUSED_FUNCTION = YES;
				GCC_WARN_UNUSED_VARIABLE = YES;
				IPHONEOS_DEPLOYMENT_TARGET = 10.3;
				MTL_ENABLE_DEBUG_INFO = YES;
				ONLY_ACTIVE_ARCH = YES;
				SDKROOT = iphoneos;
				SWIFT_ACTIVE_COMPILATION_CONDITIONS = DEBUG;
				SWIFT_OPTIMIZATION_LEVEL = "-Onone";
				TARGETED_DEVICE_FAMILY = "1,2";
			};
			name = Debug;
		};
		EDE268D01F43B44500D92A60 /* Release */ = {
			isa = XCBuildConfiguration;
			buildSettings = {
				ALWAYS_SEARCH_USER_PATHS = NO;
				CLANG_ANALYZER_NONNULL = YES;
				CLANG_ANALYZER_NUMBER_OBJECT_CONVERSION = YES_AGGRESSIVE;
				CLANG_CXX_LANGUAGE_STANDARD = "gnu++0x";
				CLANG_CXX_LIBRARY = "libc++";
				CLANG_ENABLE_MODULES = YES;
				CLANG_ENABLE_OBJC_ARC = YES;
				CLANG_WARN_BOOL_CONVERSION = YES;
				CLANG_WARN_CONSTANT_CONVERSION = YES;
				CLANG_WARN_DIRECT_OBJC_ISA_USAGE = YES_ERROR;
				CLANG_WARN_DOCUMENTATION_COMMENTS = YES;
				CLANG_WARN_EMPTY_BODY = YES;
				CLANG_WARN_ENUM_CONVERSION = YES;
				CLANG_WARN_INFINITE_RECURSION = YES;
				CLANG_WARN_INT_CONVERSION = YES;
				CLANG_WARN_OBJC_ROOT_CLASS = YES_ERROR;
				CLANG_WARN_SUSPICIOUS_MOVE = YES;
				CLANG_WARN_UNREACHABLE_CODE = YES;
				CLANG_WARN__DUPLICATE_METHOD_MATCH = YES;
				"CODE_SIGN_IDENTITY[sdk=iphoneos*]" = "iPhone Developer";
				COPY_PHASE_STRIP = NO;
				DEBUG_INFORMATION_FORMAT = "dwarf-with-dsym";
				ENABLE_NS_ASSERTIONS = NO;
				ENABLE_STRICT_OBJC_MSGSEND = YES;
				GCC_C_LANGUAGE_STANDARD = gnu99;
				GCC_NO_COMMON_BLOCKS = YES;
				GCC_WARN_64_TO_32_BIT_CONVERSION = YES;
				GCC_WARN_ABOUT_RETURN_TYPE = YES_ERROR;
				GCC_WARN_UNDECLARED_SELECTOR = YES;
				GCC_WARN_UNINITIALIZED_AUTOS = YES_AGGRESSIVE;
				GCC_WARN_UNUSED_FUNCTION = YES;
				GCC_WARN_UNUSED_VARIABLE = YES;
				IPHONEOS_DEPLOYMENT_TARGET = 10.3;
				MTL_ENABLE_DEBUG_INFO = NO;
				SDKROOT = iphoneos;
				SWIFT_OPTIMIZATION_LEVEL = "-Owholemodule";
				TARGETED_DEVICE_FAMILY = "1,2";
				VALIDATE_PRODUCT = YES;
			};
			name = Release;
		};
		EDE268D21F43B44500D92A60 /* Debug */ = {
			isa = XCBuildConfiguration;
			buildSettings = {
				ASSETCATALOG_COMPILER_APPICON_NAME = AppIcon;
				DEVELOPMENT_TEAM = 26MVNUVSGZ;
				INFOPLIST_FILE = PageCRtl/Info.plist;
				LD_RUNPATH_SEARCH_PATHS = "$(inherited) @executable_path/Frameworks";
				PRODUCT_BUNDLE_IDENTIFIER = Caliente.PageCRtl;
				PRODUCT_NAME = "$(TARGET_NAME)";
				SWIFT_VERSION = 3.0;
			};
			name = Debug;
		};
		EDE268D31F43B44500D92A60 /* Release */ = {
			isa = XCBuildConfiguration;
			buildSettings = {
				ASSETCATALOG_COMPILER_APPICON_NAME = AppIcon;
				DEVELOPMENT_TEAM = 26MVNUVSGZ;
				INFOPLIST_FILE = PageCRtl/Info.plist;
				LD_RUNPATH_SEARCH_PATHS = "$(inherited) @executable_path/Frameworks";
				PRODUCT_BUNDLE_IDENTIFIER = Caliente.PageCRtl;
				PRODUCT_NAME = "$(TARGET_NAME)";
				SWIFT_VERSION = 3.0;
			};
			name = Release;
		};
		EDE268D51F43B44500D92A60 /* Debug */ = {
			isa = XCBuildConfiguration;
			buildSettings = {
				ALWAYS_EMBED_SWIFT_STANDARD_LIBRARIES = YES;
				BUNDLE_LOADER = "$(TEST_HOST)";
				DEVELOPMENT_TEAM = 26MVNUVSGZ;
				INFOPLIST_FILE = PageCRtlTests/Info.plist;
				LD_RUNPATH_SEARCH_PATHS = "$(inherited) @executable_path/Frameworks @loader_path/Frameworks";
				PRODUCT_BUNDLE_IDENTIFIER = Caliente.PageCRtlTests;
				PRODUCT_NAME = "$(TARGET_NAME)";
				SWIFT_VERSION = 3.0;
				TEST_HOST = "$(BUILT_PRODUCTS_DIR)/PageCRtl.app/PageCRtl";
			};
			name = Debug;
		};
		EDE268D61F43B44500D92A60 /* Release */ = {
			isa = XCBuildConfiguration;
			buildSettings = {
				ALWAYS_EMBED_SWIFT_STANDARD_LIBRARIES = YES;
				BUNDLE_LOADER = "$(TEST_HOST)";
				DEVELOPMENT_TEAM = 26MVNUVSGZ;
				INFOPLIST_FILE = PageCRtlTests/Info.plist;
				LD_RUNPATH_SEARCH_PATHS = "$(inherited) @executable_path/Frameworks @loader_path/Frameworks";
				PRODUCT_BUNDLE_IDENTIFIER = Caliente.PageCRtlTests;
				PRODUCT_NAME = "$(TARGET_NAME)";
				SWIFT_VERSION = 3.0;
				TEST_HOST = "$(BUILT_PRODUCTS_DIR)/PageCRtl.app/PageCRtl";
			};
			name = Release;
		};
		EDE268D81F43B44500D92A60 /* Debug */ = {
			isa = XCBuildConfiguration;
			buildSettings = {
				ALWAYS_EMBED_SWIFT_STANDARD_LIBRARIES = YES;
				DEVELOPMENT_TEAM = 26MVNUVSGZ;
				INFOPLIST_FILE = PageCRtlUITests/Info.plist;
				LD_RUNPATH_SEARCH_PATHS = "$(inherited) @executable_path/Frameworks @loader_path/Frameworks";
				PRODUCT_BUNDLE_IDENTIFIER = Caliente.PageCRtlUITests;
				PRODUCT_NAME = "$(TARGET_NAME)";
				SWIFT_VERSION = 3.0;
				TEST_TARGET_NAME = PageCRtl;
			};
			name = Debug;
		};
		EDE268D91F43B44500D92A60 /* Release */ = {
			isa = XCBuildConfiguration;
			buildSettings = {
				ALWAYS_EMBED_SWIFT_STANDARD_LIBRARIES = YES;
				DEVELOPMENT_TEAM = 26MVNUVSGZ;
				INFOPLIST_FILE = PageCRtlUITests/Info.plist;
				LD_RUNPATH_SEARCH_PATHS = "$(inherited) @executable_path/Frameworks @loader_path/Frameworks";
				PRODUCT_BUNDLE_IDENTIFIER = Caliente.PageCRtlUITests;
				PRODUCT_NAME = "$(TARGET_NAME)";
				SWIFT_VERSION = 3.0;
				TEST_TARGET_NAME = PageCRtl;
			};
			name = Release;
		};
/* End XCBuildConfiguration section */

/* Begin XCConfigurationList section */
		EDE268A41F43B44500D92A60 /* Build configuration list for PBXProject "PageCRtl" */ = {
			isa = XCConfigurationList;
			buildConfigurations = (
				EDE268CF1F43B44500D92A60 /* Debug */,
				EDE268D01F43B44500D92A60 /* Release */,
			);
			defaultConfigurationIsVisible = 0;
			defaultConfigurationName = Release;
		};
		EDE268D11F43B44500D92A60 /* Build configuration list for PBXNativeTarget "PageCRtl" */ = {
			isa = XCConfigurationList;
			buildConfigurations = (
				EDE268D21F43B44500D92A60 /* Debug */,
				EDE268D31F43B44500D92A60 /* Release */,
			);
			defaultConfigurationIsVisible = 0;
		};
		EDE268D41F43B44500D92A60 /* Build configuration list for PBXNativeTarget "PageCRtlTests" */ = {
			isa = XCConfigurationList;
			buildConfigurations = (
				EDE268D51F43B44500D92A60 /* Debug */,
				EDE268D61F43B44500D92A60 /* Release */,
			);
			defaultConfigurationIsVisible = 0;
		};
		EDE268D71F43B44500D92A60 /* Build configuration list for PBXNativeTarget "PageCRtlUITests" */ = {
			isa = XCConfigurationList;
			buildConfigurations = (
				EDE268D81F43B44500D92A60 /* Debug */,
				EDE268D91F43B44500D92A60 /* Release */,
			);
			defaultConfigurationIsVisible = 0;
		};
/* End XCConfigurationList section */
	};
	rootObject = EDE268A11F43B44500D92A60 /* Project object */;
}
