// !$*UTF8*$!
{
	archiveVersion = 1;
	classes = {
	};
	objectVersion = 46;
	objects = {

/* Begin PBXBuildFile section */
		EDF76ABA1F450211004C449F /* AppDelegate.swift in Sources */ = {isa = PBXBuildFile; fileRef = EDF76AB91F450211004C449F /* AppDelegate.swift */; };
		EDF76ABC1F450211004C449F /* ViewController.swift in Sources */ = {isa = PBXBuildFile; fileRef = EDF76ABB1F450211004C449F /* ViewController.swift */; };
		EDF76ABF1F450211004C449F /* Main.storyboard in Resources */ = {isa = PBXBuildFile; fileRef = EDF76ABD1F450211004C449F /* Main.storyboard */; };
		EDF76AC11F450211004C449F /* Assets.xcassets in Resources */ = {isa = PBXBuildFile; fileRef = EDF76AC01F450211004C449F /* Assets.xcassets */; };
		EDF76AC41F450211004C449F /* LaunchScreen.storyboard in Resources */ = {isa = PBXBuildFile; fileRef = EDF76AC21F450211004C449F /* LaunchScreen.storyboard */; };
		EDF76ACF1F450211004C449F /* IosUiDynamicsTests.swift in Sources */ = {isa = PBXBuildFile; fileRef = EDF76ACE1F450211004C449F /* IosUiDynamicsTests.swift */; };
		EDF76ADA1F450211004C449F /* IosUiDynamicsUITests.swift in Sources */ = {isa = PBXBuildFile; fileRef = EDF76AD91F450211004C449F /* IosUiDynamicsUITests.swift */; };
/* End PBXBuildFile section */

/* Begin PBXContainerItemProxy section */
		EDF76ACB1F450211004C449F /* PBXContainerItemProxy */ = {
			isa = PBXContainerItemProxy;
			containerPortal = EDF76AAE1F450211004C449F /* Project object */;
			proxyType = 1;
			remoteGlobalIDString = EDF76AB51F450211004C449F;
			remoteInfo = IosUiDynamics;
		};
		EDF76AD61F450211004C449F /* PBXContainerItemProxy */ = {
			isa = PBXContainerItemProxy;
			containerPortal = EDF76AAE1F450211004C449F /* Project object */;
			proxyType = 1;
			remoteGlobalIDString = EDF76AB51F450211004C449F;
			remoteInfo = IosUiDynamics;
		};
/* End PBXContainerItemProxy section */

/* Begin PBXFileReference section */
		EDF76AB61F450211004C449F /* IosUiDynamics.app */ = {isa = PBXFileReference; explicitFileType = wrapper.application; includeInIndex = 0; path = IosUiDynamics.app; sourceTree = BUILT_PRODUCTS_DIR; };
		EDF76AB91F450211004C449F /* AppDelegate.swift */ = {isa = PBXFileReference; lastKnownFileType = sourcecode.swift; path = AppDelegate.swift; sourceTree = "<group>"; };
		EDF76ABB1F450211004C449F /* ViewController.swift */ = {isa = PBXFileReference; lastKnownFileType = sourcecode.swift; path = ViewController.swift; sourceTree = "<group>"; };
		EDF76ABE1F450211004C449F /* Base */ = {isa = PBXFileReference; lastKnownFileType = file.storyboard; name = Base; path = Base.lproj/Main.storyboard; sourceTree = "<group>"; };
		EDF76AC01F450211004C449F /* Assets.xcassets */ = {isa = PBXFileReference; lastKnownFileType = folder.assetcatalog; path = Assets.xcassets; sourceTree = "<group>"; };
		EDF76AC31F450211004C449F /* Base */ = {isa = PBXFileReference; lastKnownFileType = file.storyboard; name = Base; path = Base.lproj/LaunchScreen.storyboard; sourceTree = "<group>"; };
		EDF76AC51F450211004C449F /* Info.plist */ = {isa = PBXFileReference; lastKnownFileType = text.plist.xml; path = Info.plist; sourceTree = "<group>"; };
		EDF76ACA1F450211004C449F /* IosUiDynamicsTests.xctest */ = {isa = PBXFileReference; explicitFileType = wrapper.cfbundle; includeInIndex = 0; path = IosUiDynamicsTests.xctest; sourceTree = BUILT_PRODUCTS_DIR; };
		EDF76ACE1F450211004C449F /* IosUiDynamicsTests.swift */ = {isa = PBXFileReference; lastKnownFileType = sourcecode.swift; path = IosUiDynamicsTests.swift; sourceTree = "<group>"; };
		EDF76AD01F450211004C449F /* Info.plist */ = {isa = PBXFileReference; lastKnownFileType = text.plist.xml; path = Info.plist; sourceTree = "<group>"; };
		EDF76AD51F450211004C449F /* IosUiDynamicsUITests.xctest */ = {isa = PBXFileReference; explicitFileType = wrapper.cfbundle; includeInIndex = 0; path = IosUiDynamicsUITests.xctest; sourceTree = BUILT_PRODUCTS_DIR; };
		EDF76AD91F450211004C449F /* IosUiDynamicsUITests.swift */ = {isa = PBXFileReference; lastKnownFileType = sourcecode.swift; path = IosUiDynamicsUITests.swift; sourceTree = "<group>"; };
		EDF76ADB1F450211004C449F /* Info.plist */ = {isa = PBXFileReference; lastKnownFileType = text.plist.xml; path = Info.plist; sourceTree = "<group>"; };
/* End PBXFileReference section */

/* Begin PBXFrameworksBuildPhase section */
		EDF76AB31F450211004C449F /* Frameworks */ = {
			isa = PBXFrameworksBuildPhase;
			buildActionMask = 2147483647;
			files = (
			);
			runOnlyForDeploymentPostprocessing = 0;
		};
		EDF76AC71F450211004C449F /* Frameworks */ = {
			isa = PBXFrameworksBuildPhase;
			buildActionMask = 2147483647;
			files = (
			);
			runOnlyForDeploymentPostprocessing = 0;
		};
		EDF76AD21F450211004C449F /* Frameworks */ = {
			isa = PBXFrameworksBuildPhase;
			buildActionMask = 2147483647;
			files = (
			);
			runOnlyForDeploymentPostprocessing = 0;
		};
/* End PBXFrameworksBuildPhase section */

/* Begin PBXGroup section */
		EDF76AAD1F450211004C449F = {
			isa = PBXGroup;
			children = (
				EDF76AB81F450211004C449F /* IosUiDynamics */,
				EDF76ACD1F450211004C449F /* IosUiDynamicsTests */,
				EDF76AD81F450211004C449F /* IosUiDynamicsUITests */,
				EDF76AB71F450211004C449F /* Products */,
			);
			sourceTree = "<group>";
		};
		EDF76AB71F450211004C449F /* Products */ = {
			isa = PBXGroup;
			children = (
				EDF76AB61F450211004C449F /* IosUiDynamics.app */,
				EDF76ACA1F450211004C449F /* IosUiDynamicsTests.xctest */,
				EDF76AD51F450211004C449F /* IosUiDynamicsUITests.xctest */,
			);
			name = Products;
			sourceTree = "<group>";
		};
		EDF76AB81F450211004C449F /* IosUiDynamics */ = {
			isa = PBXGroup;
			children = (
				EDF76AB91F450211004C449F /* AppDelegate.swift */,
				EDF76ABB1F450211004C449F /* ViewController.swift */,
				EDF76ABD1F450211004C449F /* Main.storyboard */,
				EDF76AC01F450211004C449F /* Assets.xcassets */,
				EDF76AC21F450211004C449F /* LaunchScreen.storyboard */,
				EDF76AC51F450211004C449F /* Info.plist */,
			);
			path = IosUiDynamics;
			sourceTree = "<group>";
		};
		EDF76ACD1F450211004C449F /* IosUiDynamicsTests */ = {
			isa = PBXGroup;
			children = (
				EDF76ACE1F450211004C449F /* IosUiDynamicsTests.swift */,
				EDF76AD01F450211004C449F /* Info.plist */,
			);
			path = IosUiDynamicsTests;
			sourceTree = "<group>";
		};
		EDF76AD81F450211004C449F /* IosUiDynamicsUITests */ = {
			isa = PBXGroup;
			children = (
				EDF76AD91F450211004C449F /* IosUiDynamicsUITests.swift */,
				EDF76ADB1F450211004C449F /* Info.plist */,
			);
			path = IosUiDynamicsUITests;
			sourceTree = "<group>";
		};
/* End PBXGroup section */

/* Begin PBXNativeTarget section */
		EDF76AB51F450211004C449F /* IosUiDynamics */ = {
			isa = PBXNativeTarget;
			buildConfigurationList = EDF76ADE1F450211004C449F /* Build configuration list for PBXNativeTarget "IosUiDynamics" */;
			buildPhases = (
				EDF76AB21F450211004C449F /* Sources */,
				EDF76AB31F450211004C449F /* Frameworks */,
				EDF76AB41F450211004C449F /* Resources */,
			);
			buildRules = (
			);
			dependencies = (
			);
			name = IosUiDynamics;
			productName = IosUiDynamics;
			productReference = EDF76AB61F450211004C449F /* IosUiDynamics.app */;
			productType = "com.apple.product-type.application";
		};
		EDF76AC91F450211004C449F /* IosUiDynamicsTests */ = {
			isa = PBXNativeTarget;
			buildConfigurationList = EDF76AE11F450211004C449F /* Build configuration list for PBXNativeTarget "IosUiDynamicsTests" */;
			buildPhases = (
				EDF76AC61F450211004C449F /* Sources */,
				EDF76AC71F450211004C449F /* Frameworks */,
				EDF76AC81F450211004C449F /* Resources */,
			);
			buildRules = (
			);
			dependencies = (
				EDF76ACC1F450211004C449F /* PBXTargetDependency */,
			);
			name = IosUiDynamicsTests;
			productName = IosUiDynamicsTests;
			productReference = EDF76ACA1F450211004C449F /* IosUiDynamicsTests.xctest */;
			productType = "com.apple.product-type.bundle.unit-test";
		};
		EDF76AD41F450211004C449F /* IosUiDynamicsUITests */ = {
			isa = PBXNativeTarget;
			buildConfigurationList = EDF76AE41F450211004C449F /* Build configuration list for PBXNativeTarget "IosUiDynamicsUITests" */;
			buildPhases = (
				EDF76AD11F450211004C449F /* Sources */,
				EDF76AD21F450211004C449F /* Frameworks */,
				EDF76AD31F450211004C449F /* Resources */,
			);
			buildRules = (
			);
			dependencies = (
				EDF76AD71F450211004C449F /* PBXTargetDependency */,
			);
			name = IosUiDynamicsUITests;
			productName = IosUiDynamicsUITests;
			productReference = EDF76AD51F450211004C449F /* IosUiDynamicsUITests.xctest */;
			productType = "com.apple.product-type.bundle.ui-testing";
		};
/* End PBXNativeTarget section */

/* Begin PBXProject section */
		EDF76AAE1F450211004C449F /* Project object */ = {
			isa = PBXProject;
			attributes = {
				LastSwiftUpdateCheck = 0830;
				LastUpgradeCheck = 0830;
				ORGANIZATIONNAME = "Fernando Lopez Llanos";
				TargetAttributes = {
					EDF76AB51F450211004C449F = {
						CreatedOnToolsVersion = 8.3.3;
						DevelopmentTeam = 26MVNUVSGZ;
						ProvisioningStyle = Automatic;
					};
					EDF76AC91F450211004C449F = {
						CreatedOnToolsVersion = 8.3.3;
						DevelopmentTeam = 26MVNUVSGZ;
						ProvisioningStyle = Automatic;
						TestTargetID = EDF76AB51F450211004C449F;
					};
					EDF76AD41F450211004C449F = {
						CreatedOnToolsVersion = 8.3.3;
						DevelopmentTeam = 26MVNUVSGZ;
						ProvisioningStyle = Automatic;
						TestTargetID = EDF76AB51F450211004C449F;
					};
				};
			};
			buildConfigurationList = EDF76AB11F450211004C449F /* Build configuration list for PBXProject "IosUiDynamics" */;
			compatibilityVersion = "Xcode 3.2";
			developmentRegion = English;
			hasScannedForEncodings = 0;
			knownRegions = (
				en,
				Base,
			);
			mainGroup = EDF76AAD1F450211004C449F;
			productRefGroup = EDF76AB71F450211004C449F /* Products */;
			projectDirPath = "";
			projectRoot = "";
			targets = (
				EDF76AB51F450211004C449F /* IosUiDynamics */,
				EDF76AC91F450211004C449F /* IosUiDynamicsTests */,
				EDF76AD41F450211004C449F /* IosUiDynamicsUITests */,
			);
		};
/* End PBXProject section */

/* Begin PBXResourcesBuildPhase section */
		EDF76AB41F450211004C449F /* Resources */ = {
			isa = PBXResourcesBuildPhase;
			buildActionMask = 2147483647;
			files = (
				EDF76AC41F450211004C449F /* LaunchScreen.storyboard in Resources */,
				EDF76AC11F450211004C449F /* Assets.xcassets in Resources */,
				EDF76ABF1F450211004C449F /* Main.storyboard in Resources */,
			);
			runOnlyForDeploymentPostprocessing = 0;
		};
		EDF76AC81F450211004C449F /* Resources */ = {
			isa = PBXResourcesBuildPhase;
			buildActionMask = 2147483647;
			files = (
			);
			runOnlyForDeploymentPostprocessing = 0;
		};
		EDF76AD31F450211004C449F /* Resources */ = {
			isa = PBXResourcesBuildPhase;
			buildActionMask = 2147483647;
			files = (
			);
			runOnlyForDeploymentPostprocessing = 0;
		};
/* End PBXResourcesBuildPhase section */

/* Begin PBXSourcesBuildPhase section */
		EDF76AB21F450211004C449F /* Sources */ = {
			isa = PBXSourcesBuildPhase;
			buildActionMask = 2147483647;
			files = (
				EDF76ABC1F450211004C449F /* ViewController.swift in Sources */,
				EDF76ABA1F450211004C449F /* AppDelegate.swift in Sources */,
			);
			runOnlyForDeploymentPostprocessing = 0;
		};
		EDF76AC61F450211004C449F /* Sources */ = {
			isa = PBXSourcesBuildPhase;
			buildActionMask = 2147483647;
			files = (
				EDF76ACF1F450211004C449F /* IosUiDynamicsTests.swift in Sources */,
			);
			runOnlyForDeploymentPostprocessing = 0;
		};
		EDF76AD11F450211004C449F /* Sources */ = {
			isa = PBXSourcesBuildPhase;
			buildActionMask = 2147483647;
			files = (
				EDF76ADA1F450211004C449F /* IosUiDynamicsUITests.swift in Sources */,
			);
			runOnlyForDeploymentPostprocessing = 0;
		};
/* End PBXSourcesBuildPhase section */

/* Begin PBXTargetDependency section */
		EDF76ACC1F450211004C449F /* PBXTargetDependency */ = {
			isa = PBXTargetDependency;
			target = EDF76AB51F450211004C449F /* IosUiDynamics */;
			targetProxy = EDF76ACB1F450211004C449F /* PBXContainerItemProxy */;
		};
		EDF76AD71F450211004C449F /* PBXTargetDependency */ = {
			isa = PBXTargetDependency;
			target = EDF76AB51F450211004C449F /* IosUiDynamics */;
			targetProxy = EDF76AD61F450211004C449F /* PBXContainerItemProxy */;
		};
/* End PBXTargetDependency section */

/* Begin PBXVariantGroup section */
		EDF76ABD1F450211004C449F /* Main.storyboard */ = {
			isa = PBXVariantGroup;
			children = (
				EDF76ABE1F450211004C449F /* Base */,
			);
			name = Main.storyboard;
			sourceTree = "<group>";
		};
		EDF76AC21F450211004C449F /* LaunchScreen.storyboard */ = {
			isa = PBXVariantGroup;
			children = (
				EDF76AC31F450211004C449F /* Base */,
			);
			name = LaunchScreen.storyboard;
			sourceTree = "<group>";
		};
/* End PBXVariantGroup section */

/* Begin XCBuildConfiguration section */
		EDF76ADC1F450211004C449F /* Debug */ = {
			isa = XCBuildConfiguration;
			buildSettings = {
				ALWAYS_SEARCH_USER_PATHS = NO;
				CLANG_ANALYZER_NONNULL = YES;
				CLANG_ANALYZER_NUMBER_OBJECT_CONVERSION = YES_AGGRESSIVE;
				CLANG_CXX_LANGUAGE_STANDARD = "gnu++0x";
				CLANG_CXX_LIBRARY = "libc++";
				CLANG_ENABLE_MODULES = YES;
				CLANG_ENABLE_OBJC_ARC = YES;
				CLANG_WARN_BOOL_CONVERSION = YES;
				CLANG_WARN_CONSTANT_CONVERSION = YES;
				CLANG_WARN_DIRECT_OBJC_ISA_USAGE = YES_ERROR;
				CLANG_WARN_DOCUMENTATION_COMMENTS = YES;
				CLANG_WARN_EMPTY_BODY = YES;
				CLANG_WARN_ENUM_CONVERSION = YES;
				CLANG_WARN_INFINITE_RECURSION = YES;
				CLANG_WARN_INT_CONVERSION = YES;
				CLANG_WARN_OBJC_ROOT_CLASS = YES_ERROR;
				CLANG_WARN_SUSPICIOUS_MOVE = YES;
				CLANG_WARN_UNREACHABLE_CODE = YES;
				CLANG_WARN__DUPLICATE_METHOD_MATCH = YES;
				"CODE_SIGN_IDENTITY[sdk=iphoneos*]" = "iPhone Developer";
				COPY_PHASE_STRIP = NO;
				DEBUG_INFORMATION_FORMAT = dwarf;
				ENABLE_STRICT_OBJC_MSGSEND = YES;
				ENABLE_TESTABILITY = YES;
				GCC_C_LANGUAGE_STANDARD = gnu99;
				GCC_DYNAMIC_NO_PIC = NO;
				GCC_NO_COMMON_BLOCKS = YES;
				GCC_OPTIMIZATION_LEVEL = 0;
				GCC_PREPROCESSOR_DEFINITIONS = (
					"DEBUG=1",
					"$(inherited)",
				);
				GCC_WARN_64_TO_32_BIT_CONVERSION = YES;
				GCC_WARN_ABOUT_RETURN_TYPE = YES_ERROR;
				GCC_WARN_UNDECLARED_SELECTOR = YES;
				GCC_WARN_UNINITIALIZED_AUTOS = YES_AGGRESSIVE;
				GCC_WARN_UNUSED_FUNCTION = YES;
				GCC_WARN_UNUSED_VARIABLE = YES;
				IPHONEOS_DEPLOYMENT_TARGET = 10.3;
				MTL_ENABLE_DEBUG_INFO = YES;
				ONLY_ACTIVE_ARCH = YES;
				SDKROOT = iphoneos;
				SWIFT_ACTIVE_COMPILATION_CONDITIONS = DEBUG;
				SWIFT_OPTIMIZATION_LEVEL = "-Onone";
				TARGETED_DEVICE_FAMILY = "1,2";
			};
			name = Debug;
		};
		EDF76ADD1F450211004C449F /* Release */ = {
			isa = XCBuildConfiguration;
			buildSettings = {
				ALWAYS_SEARCH_USER_PATHS = NO;
				CLANG_ANALYZER_NONNULL = YES;
				CLANG_ANALYZER_NUMBER_OBJECT_CONVERSION = YES_AGGRESSIVE;
				CLANG_CXX_LANGUAGE_STANDARD = "gnu++0x";
				CLANG_CXX_LIBRARY = "libc++";
				CLANG_ENABLE_MODULES = YES;
				CLANG_ENABLE_OBJC_ARC = YES;
				CLANG_WARN_BOOL_CONVERSION = YES;
				CLANG_WARN_CONSTANT_CONVERSION = YES;
				CLANG_WARN_DIRECT_OBJC_ISA_USAGE = YES_ERROR;
				CLANG_WARN_DOCUMENTATION_COMMENTS = YES;
				CLANG_WARN_EMPTY_BODY = YES;
				CLANG_WARN_ENUM_CONVERSION = YES;
				CLANG_WARN_INFINITE_RECURSION = YES;
				CLANG_WARN_INT_CONVERSION = YES;
				CLANG_WARN_OBJC_ROOT_CLASS = YES_ERROR;
				CLANG_WARN_SUSPICIOUS_MOVE = YES;
				CLANG_WARN_UNREACHABLE_CODE = YES;
				CLANG_WARN__DUPLICATE_METHOD_MATCH = YES;
				"CODE_SIGN_IDENTITY[sdk=iphoneos*]" = "iPhone Developer";
				COPY_PHASE_STRIP = NO;
				DEBUG_INFORMATION_FORMAT = "dwarf-with-dsym";
				ENABLE_NS_ASSERTIONS = NO;
				ENABLE_STRICT_OBJC_MSGSEND = YES;
				GCC_C_LANGUAGE_STANDARD = gnu99;
				GCC_NO_COMMON_BLOCKS = YES;
				GCC_WARN_64_TO_32_BIT_CONVERSION = YES;
				GCC_WARN_ABOUT_RETURN_TYPE = YES_ERROR;
				GCC_WARN_UNDECLARED_SELECTOR = YES;
				GCC_WARN_UNINITIALIZED_AUTOS = YES_AGGRESSIVE;
				GCC_WARN_UNUSED_FUNCTION = YES;
				GCC_WARN_UNUSED_VARIABLE = YES;
				IPHONEOS_DEPLOYMENT_TARGET = 10.3;
				MTL_ENABLE_DEBUG_INFO = NO;
				SDKROOT = iphoneos;
				SWIFT_OPTIMIZATION_LEVEL = "-Owholemodule";
				TARGETED_DEVICE_FAMILY = "1,2";
				VALIDATE_PRODUCT = YES;
			};
			name = Release;
		};
		EDF76ADF1F450211004C449F /* Debug */ = {
			isa = XCBuildConfiguration;
			buildSettings = {
				ASSETCATALOG_COMPILER_APPICON_NAME = AppIcon;
				DEVELOPMENT_TEAM = 26MVNUVSGZ;
				INFOPLIST_FILE = IosUiDynamics/Info.plist;
				LD_RUNPATH_SEARCH_PATHS = "$(inherited) @executable_path/Frameworks";
				PRODUCT_BUNDLE_IDENTIFIER = Caliente.IosUiDynamics;
				PRODUCT_NAME = "$(TARGET_NAME)";
				SWIFT_VERSION = 3.0;
			};
			name = Debug;
		};
		EDF76AE01F450211004C449F /* Release */ = {
			isa = XCBuildConfiguration;
			buildSettings = {
				ASSETCATALOG_COMPILER_APPICON_NAME = AppIcon;
				DEVELOPMENT_TEAM = 26MVNUVSGZ;
				INFOPLIST_FILE = IosUiDynamics/Info.plist;
				LD_RUNPATH_SEARCH_PATHS = "$(inherited) @executable_path/Frameworks";
				PRODUCT_BUNDLE_IDENTIFIER = Caliente.IosUiDynamics;
				PRODUCT_NAME = "$(TARGET_NAME)";
				SWIFT_VERSION = 3.0;
			};
			name = Release;
		};
		EDF76AE21F450211004C449F /* Debug */ = {
			isa = XCBuildConfiguration;
			buildSettings = {
				ALWAYS_EMBED_SWIFT_STANDARD_LIBRARIES = YES;
				BUNDLE_LOADER = "$(TEST_HOST)";
				DEVELOPMENT_TEAM = 26MVNUVSGZ;
				INFOPLIST_FILE = IosUiDynamicsTests/Info.plist;
				LD_RUNPATH_SEARCH_PATHS = "$(inherited) @executable_path/Frameworks @loader_path/Frameworks";
				PRODUCT_BUNDLE_IDENTIFIER = Caliente.IosUiDynamicsTests;
				PRODUCT_NAME = "$(TARGET_NAME)";
				SWIFT_VERSION = 3.0;
				TEST_HOST = "$(BUILT_PRODUCTS_DIR)/IosUiDynamics.app/IosUiDynamics";
			};
			name = Debug;
		};
		EDF76AE31F450211004C449F /* Release */ = {
			isa = XCBuildConfiguration;
			buildSettings = {
				ALWAYS_EMBED_SWIFT_STANDARD_LIBRARIES = YES;
				BUNDLE_LOADER = "$(TEST_HOST)";
				DEVELOPMENT_TEAM = 26MVNUVSGZ;
				INFOPLIST_FILE = IosUiDynamicsTests/Info.plist;
				LD_RUNPATH_SEARCH_PATHS = "$(inherited) @executable_path/Frameworks @loader_path/Frameworks";
				PRODUCT_BUNDLE_IDENTIFIER = Caliente.IosUiDynamicsTests;
				PRODUCT_NAME = "$(TARGET_NAME)";
				SWIFT_VERSION = 3.0;
				TEST_HOST = "$(BUILT_PRODUCTS_DIR)/IosUiDynamics.app/IosUiDynamics";
			};
			name = Release;
		};
		EDF76AE51F450211004C449F /* Debug */ = {
			isa = XCBuildConfiguration;
			buildSettings = {
				ALWAYS_EMBED_SWIFT_STANDARD_LIBRARIES = YES;
				DEVELOPMENT_TEAM = 26MVNUVSGZ;
				INFOPLIST_FILE = IosUiDynamicsUITests/Info.plist;
				LD_RUNPATH_SEARCH_PATHS = "$(inherited) @executable_path/Frameworks @loader_path/Frameworks";
				PRODUCT_BUNDLE_IDENTIFIER = Caliente.IosUiDynamicsUITests;
				PRODUCT_NAME = "$(TARGET_NAME)";
				SWIFT_VERSION = 3.0;
				TEST_TARGET_NAME = IosUiDynamics;
			};
			name = Debug;
		};
		EDF76AE61F450211004C449F /* Release */ = {
			isa = XCBuildConfiguration;
			buildSettings = {
				ALWAYS_EMBED_SWIFT_STANDARD_LIBRARIES = YES;
				DEVELOPMENT_TEAM = 26MVNUVSGZ;
				INFOPLIST_FILE = IosUiDynamicsUITests/Info.plist;
				LD_RUNPATH_SEARCH_PATHS = "$(inherited) @executable_path/Frameworks @loader_path/Frameworks";
				PRODUCT_BUNDLE_IDENTIFIER = Caliente.IosUiDynamicsUITests;
				PRODUCT_NAME = "$(TARGET_NAME)";
				SWIFT_VERSION = 3.0;
				TEST_TARGET_NAME = IosUiDynamics;
			};
			name = Release;
		};
/* End XCBuildConfiguration section */

/* Begin XCConfigurationList section */
		EDF76AB11F450211004C449F /* Build configuration list for PBXProject "IosUiDynamics" */ = {
			isa = XCConfigurationList;
			buildConfigurations = (
				EDF76ADC1F450211004C449F /* Debug */,
				EDF76ADD1F450211004C449F /* Release */,
			);
			defaultConfigurationIsVisible = 0;
			defaultConfigurationName = Release;
		};
		EDF76ADE1F450211004C449F /* Build configuration list for PBXNativeTarget "IosUiDynamics" */ = {
			isa = XCConfigurationList;
			buildConfigurations = (
				EDF76ADF1F450211004C449F /* Debug */,
				EDF76AE01F450211004C449F /* Release */,
			);
			defaultConfigurationIsVisible = 0;
		};
		EDF76AE11F450211004C449F /* Build configuration list for PBXNativeTarget "IosUiDynamicsTests" */ = {
			isa = XCConfigurationList;
			buildConfigurations = (
				EDF76AE21F450211004C449F /* Debug */,
				EDF76AE31F450211004C449F /* Release */,
			);
			defaultConfigurationIsVisible = 0;
		};
		EDF76AE41F450211004C449F /* Build configuration list for PBXNativeTarget "IosUiDynamicsUITests" */ = {
			isa = XCConfigurationList;
			buildConfigurations = (
				EDF76AE51F450211004C449F /* Debug */,
				EDF76AE61F450211004C449F /* Release */,
			);
			defaultConfigurationIsVisible = 0;
		};
/* End XCConfigurationList section */
	};
	rootObject = EDF76AAE1F450211004C449F /* Project object */;
}
